
Microsoft Visual Studio Solution File, Format Version 12.00
# Visual Studio Version 17
VisualStudioVersion = 17.11.35327.3
MinimumVisualStudioVersion = 10.0.40219.1
Project("{FAE04EC0-301F-11D3-BF4B-00C04F79EFBC}") = "form-data-exchange", "form-data-exchange.csproj", "{08E840C1-05B4-4CF9-AECC-7AB85EDFD647}"
EndProject
Global
	GlobalSection(SolutionConfigurationPlatforms) = preSolution
		Debug|Any CPU = Debug|Any CPU
		Release|Any CPU = Release|Any CPU
	EndGlobalSection
	GlobalSection(ProjectConfigurationPlatforms) = postSolution
		{08E840C1-05B4-4CF9-AECC-7AB85EDFD647}.Debug|Any CPU.ActiveCfg = Debug|Any CPU
		{08E840C1-05B4-4CF9-AECC-7AB85EDFD647}.Debug|Any CPU.Build.0 = Debug|Any CPU
		{08E840C1-05B4-4CF9-AECC-7AB85EDFD647}.Release|Any CPU.ActiveCfg = Release|Any CPU
		{08E840C1-05B4-4CF9-AECC-7AB85EDFD647}.Release|Any CPU.Build.0 = Release|Any CPU
	EndGlobalSection
	GlobalSection(SolutionProperties) = preSolution
		HideSolutionNode = FALSE
	EndGlobalSection
	GlobalSection(ExtensibilityGlobals) = postSolution
		SolutionGuid = {CC9EF5E0-EF60-4D03-AB3B-4C408C6F7E06}
	EndGlobalSection
EndGlobal
